github.com/FloatTech/zbputils v1.3.2 h1:TxQ6SjT/f+iHLoz+IlQ3Hk2dUb2P9SIs4DvjGWLjZYs=
github.com/FloatTech/zbputils v1.3.2/go.mod h1:V2Y8jkxjwACWuJsDCyNVKc+qABfMAUh/mgBYdWBxOPo=
github.com/Lazarus/lz-string-go v0.0.0-20210604111459-ed7cd5a66c48 h1:o7myWPVDk3TtbN0h/eES1Mn+qTq0qRipLMrhnA9fIkY=
github.com/Lazarus/lz-string-go v0.0.0-20210604111459-ed7cd5a66c48/go.mod h1:zhKAxszD+dMWmLOH6zlemBxkK+agsDEO2zabxpfgTik=
github.com/antchfx/htmlquery v1.2.4 h1:qLteofCMe/KGovBI6SQgmou2QNyedFUW+pE+BpeZ494=
github.com/antchfx/htmlquery v1.2.4/go.mod h1:2xO6iu3EVWs7R2JYqBbp8YzG50gj/ofqs5/0VZoDZLc=
github.com/antchfx/xpath v1.2.0 h1:mbwv7co+x0RwgeGAOHdrKy89GvHaGvxxBtPK0uF9Zr8=
github.com/antchfx/xpath v1.2.0/go.mod h1:i54GszH55fYfBmoZXapTHN8T8tkcHfRgLyVwwqzXNcs=
github.com/davecgh/go-spew v1.1.0/go.mod h1:J7Y8YcW2NihsgmVo/mv3lAwl/skON4iLHjSsI+c5H38=
github.com/davecgh/go-spew v1.1.1 h1:vj9j/u1bqnvCEfJOwUhtlOARqs3+rkHYY13jYWTU97c=
github.com/davecgh/go-spew v1.1.1/go.mod h1:J7Y8YcW2NihsgmVo/mv3lAwl/skON4iLHjSsI+c5H38=
github.com/fumiama/cron v1.3.0 h1:ZWlwuexF+HQHl3cYytEE5HNwD99q+3vNZF1GrEiXCFo=
github.com/fumiama/cron v1.3.0/go.mod h1:bz5Izvgi/xEUI8tlBN8BI2jr9Moo8N4or0KV8xXuPDY=
github.com/fumiama/go-registry v0.1.3 h1:WvUN2wdziB2+LyYs4zNy1FHGQOvZeto7lbADfSqbMPw=
github.com/fumiama/go-registry v0.1.3/go.mod h1:iJT3DVgH7KXpJZs6waXEjnWtJPUBBGhF+ByJIMRfngk=
github.com/fumiama/gofastTEA v0.0.10 h1:JJJ+brWD4kie+mmK2TkspDXKzqq0IjXm89aGYfoGhhQ=
github.com/fumiama/gofastTEA v0.0.10/go.mod h1:RIdbYZyB4MbH6ZBlPymRaXn3cD6SedlCu5W/HHfMPBk=
github.com/golang/groupcache v0.0.0-20200121045136-8c9f03a8e57e h1:1r7pUrabqp18hOBcwBwiTsbnFeTZHV9eER/QT5JVZxY=
github.com/golang/groupcache v0.0.0-20200121045136-8c9f03a8e57e/go.mod h1:cIg4eruTrX1D+g88fzRXU5OdNfaM+9IcxsU14FzY7Hc=
github.com/pmezard/go-difflib v1.0.0 h1:4DBwDE0NGyQoBHbLQYPwSUPoCMWR5BEzIk/f1lZbAQM=
github.com/pmezard/go-difflib v1.0.0/go.mod h1:iKH77koFhYxTK1pcRnkKkqfTogsbg7gZNVY4sRDYZ/4=
github.com/sirupsen/logrus v1.8.1 h1:dJKuHgqk1NNQlqoA6BTlM1Wf9DOH3NBjQyu0h9+AZZE=
github.com/sirupsen/logrus v1.8.1/go.mod h1:yWOB1SBYBC5VeMP7gHvWumXLIWorT60ONWic61uBYv0=
github.com/stretchr/objx v0.1.0/go.mod h1:HFkY916IF+rwdDfMAkV7OtwuqBVzrE8GR6GFx+wExME=
github.com/stretchr/testify v1.2.2/go.mod h1:a8OnRcib4nhh0OaRAV+Yts87kKdq0PP7pXfy6kDkUVs=
github.com/stretchr/testify v1.7.1 h1:5TQK59W5E3v0r2duFAb7P95B6hEeOyEnHRa8MjYSMTY=
github.com/stretchr/testify v1.7.1/go.mod h1:6Fq8oRcR53rry900zMqJjRRixrwX3KX962/h/Wwjteg=
github.com/tidwall/gjson v1.14.0 h1:6aeJ0bzojgWLa82gDQHcx3S0Lr/O51I9bJ5nv6JFx5w=
github.com/tidwall/gjson v1.14.0/go.mod h1:/wbyibRr2FHMks5tjHJ5F8dMZh3AcwJEMf5vlfC0lxk=
github.com/tidwall/match v1.1.1 h1:+Ho715JplO36QYgwN9PGYNhgZvoUSc9X2c80KVTi+GA=
github.com/tidwall/match v1.1.1/go.mod h1:eRSPERbgtNPcGhD8UCthc6PmLEQXEWd3PRB5JTxsfmM=
github.com/tidwall/pretty v1.2.0 h1:RWIZEg2iJ8/g6fDDYzMpobmaoGh5OLl4AXtGUGPcqCs=
github.com/tidwall/pretty v1.2.0/go.mod h1:ITEVvHYasfjBbM0u2Pg8T2nJnzm8xPwvNhhsoaGGjNU=
github.com/wdvxdr1123/ZeroBot v1.5.0 h1:NIdDs/a5YtsYn7NsQHvsfrw8ZUnFUPtrBz1LqKyk1Gs=
github.com/wdvxdr1123/ZeroBot v1.5.0/go.mod h1:/DiS/UKTmGtOys9am9bA4i4/jOgXaoEHkjJRjuA/oZs=
golang.org/x/crypto v0.0.0-20190308221718-c2843e01d9a2/go.mod h1:djNgcEr1/C05ACkg1iLfiJU5Ep61QUkGW8qpdssI0+w=
golang.org/x/net v0.0.0-20200421231249-e086a090c8fd/go.mod h1:qpuaurCH72eLCgpAm/N6yyVIVM9cpaDIP3A8BGJEC5A=
golang.org/x/net v0.0.0-20220425223048-2871e0cb64e4 h1:HVyaeDAYux4pnY+D/SiwmLOR36ewZ4iGQIIrtnuCjFA=
golang.org/x/net v0.0.0-20220425223048-2871e0cb64e4/go.mod h1:CfG3xpIq0wQ8r1q4Su4UZFWDARRcnwPjda9FqA0JpMk=
golang.org/x/sys v0.0.0-20190215142949-d0b11bdaac8a/go.mod h1:STP8DvDyc/dI5b8T5hshtkjS+E42TnysNCUPdjciGhY=
golang.org/x/sys v0.0.0-20191026070338-33540a1f6037/go.mod h1:h1NjWce9XRLGQEsW7wpKNCjG9DtNlClVuFLEZdDNbEs=
golang.org/x/sys v0.0.0-20200323222414-85ca7c5b95cd/go.mod h1:h1NjWce9XRLGQEsW7wpKNCjG9DtNlClVuFLEZdDNbEs=
golang.org/x/sys v0.0.0-20220330033206-e17cdc41300f h1:rlezHXNlxYWvBCzNses9Dlc7nGFaNMJeqLolcmQSSZY=
golang.org/x/sys v0.0.0-20220330033206-e17cdc41300f/go.mod h1:oPkhp1MJrh7nUepCBck5+mAzfO9JrbApNNgaTdGDITg=
golang.org/x/text v0.3.0/go.mod h1:NqM8EUOU14njkJ3fqMW+pc6Ldnwhi/IjpwHt7yyuwOQ=
golang.org/x/text v0.3.7 h1:olpwvP2KacW1ZWvsR7uQhoyTYvKAupfQrRGBFM352Gk=
golang.org/x/text v0.3.7/go.mod h1:u+2+/6zg+i71rQMx5EYifcz6MCKuco9NR6JIITiCfzQ=
gopkg.in/check.v1 v0.0.0-20161208181325-20d25e280405/go.mod h1:Co6ibVJAznAaIkqp8huTwlJQCZ016jof/cbN4VW5Yz0=
gopkg.in/yaml.v3 v3.0.0-20200313102051-9f266ea9e77c h1:dUUwHk2QECo/6vqA44rthZ8ie2QXMNeKRTHCNY2nXvo=
gopkg.in/yaml.v3 v3.0.0-20200313102051-9f266ea9e77c/go.mod h1:K4uyk7z7BCEPqu6E+C64Yfv1cQ7kz7rIZviUmN+EgEM=
